
Microsoft Visual Studio Solution File, Format Version 12.00
# Visual Studio Version 16
VisualStudioVersion = 25.0.1703.0
MinimumVisualStudioVersion = 10.0.40219.1
Project("{FAE04EC0-301F-11D3-BF4B-00C04F79EFBC}") = "Test", "Test\Test.csproj", "{27546897-8546-4B5B-A062-7705F5670AD8}"
EndProject
Project("{FAE04EC0-301F-11D3-BF4B-00C04F79EFBC}") = "ProductRoadSign", "ProductRoadSign\ProductRoadSign.csproj", "{6C5F26A3-81D3-430F-BEAA-9E466A50B195}"
EndProject
Project("{FAE04EC0-301F-11D3-BF4B-00C04F79EFBC}") = "MainApp", "MainApp\MainApp.csproj", "{2A3CEA82-4453-446A-BC53-133C41B46818}"
EndProject
Global
	GlobalSection(SolutionConfigurationPlatforms) = preSolution
		Debug|Any CPU = Debug|Any CPU
		Release|Any CPU = Release|Any CPU
	EndGlobalSection
	GlobalSection(ProjectConfigurationPlatforms) = postSolution
		{27546897-8546-4B5B-A062-7705F5670AD8}.Debug|Any CPU.ActiveCfg = Debug|Any CPU
		{27546897-8546-4B5B-A062-7705F5670AD8}.Debug|Any CPU.Build.0 = Debug|Any CPU
		{27546897-8546-4B5B-A062-7705F5670AD8}.Release|Any CPU.ActiveCfg = Release|Any CPU
		{27546897-8546-4B5B-A062-7705F5670AD8}.Release|Any CPU.Build.0 = Release|Any CPU
		{6C5F26A3-81D3-430F-BEAA-9E466A50B195}.Debug|Any CPU.ActiveCfg = Debug|Any CPU
		{6C5F26A3-81D3-430F-BEAA-9E466A50B195}.Debug|Any CPU.Build.0 = Debug|Any CPU
		{6C5F26A3-81D3-430F-BEAA-9E466A50B195}.Release|Any CPU.ActiveCfg = Release|Any CPU
		{6C5F26A3-81D3-430F-BEAA-9E466A50B195}.Release|Any CPU.Build.0 = Release|Any CPU
		{2A3CEA82-4453-446A-BC53-133C41B46818}.Debug|Any CPU.ActiveCfg = Debug|Any CPU
		{2A3CEA82-4453-446A-BC53-133C41B46818}.Debug|Any CPU.Build.0 = Debug|Any CPU
		{2A3CEA82-4453-446A-BC53-133C41B46818}.Release|Any CPU.ActiveCfg = Release|Any CPU
		{2A3CEA82-4453-446A-BC53-133C41B46818}.Release|Any CPU.Build.0 = Release|Any CPU
	EndGlobalSection
	GlobalSection(SolutionProperties) = preSolution
		HideSolutionNode = FALSE
	EndGlobalSection
	GlobalSection(ExtensibilityGlobals) = postSolution
		SolutionGuid = {0BB826CD-3B77-4D6C-8945-28DB2725FB40}
	EndGlobalSection
EndGlobal
